// !$*UTF8*$!
{
	archiveVersion = 1;
	classes = {
	};
	objectVersion = 55;
	objects = {

/* Begin PBXBuildFile section */
		7F1ED9262828F96400A83ACE /* SecondView.swift in Sources */ = {isa = PBXBuildFile; fileRef = 7F1ED9252828F96400A83ACE /* SecondView.swift */; };
		7FC861EC2829EE5900A67735 /* GeometryView.swift in Sources */ = {isa = PBXBuildFile; fileRef = 7FC861EB2829EE5900A67735 /* GeometryView.swift */; };
		7FDA54BF282500B100EBC259 /* GeometryTestApp.swift in Sources */ = {isa = PBXBuildFile; fileRef = 7FDA54BE282500B100EBC259 /* GeometryTestApp.swift */; };
		7FDA54C1282500B100EBC259 /* ContentView.swift in Sources */ = {isa = PBXBuildFile; fileRef = 7FDA54C0282500B100EBC259 /* ContentView.swift */; };
		7FDA54C3282500B600EBC259 /* Assets.xcassets in Resources */ = {isa = PBXBuildFile; fileRef = 7FDA54C2282500B600EBC259 /* Assets.xcassets */; };
		7FDA54C6282500B600EBC259 /* Preview Assets.xcassets in Resources */ = {isa = PBXBuildFile; fileRef = 7FDA54C5282500B600EBC259 /* Preview Assets.xcassets */; };
		7FDA54CD282500D400EBC259 /* MainView.swift in Sources */ = {isa = PBXBuildFile; fileRef = 7FDA54CC282500D400EBC259 /* MainView.swift */; };
		7FDA54D128250C6700EBC259 /* MainViewModel.swift in Sources */ = {isa = PBXBuildFile; fileRef = 7FDA54D028250C6700EBC259 /* MainViewModel.swift */; };
/* End PBXBuildFile section */

/* Begin PBXFileReference section */
		7F1ED9252828F96400A83ACE /* SecondView.swift */ = {isa = PBXFileReference; lastKnownFileType = sourcecode.swift; path = SecondView.swift; sourceTree = "<group>"; };
		7FC861EB2829EE5900A67735 /* GeometryView.swift */ = {isa = PBXFileReference; fileEncoding = 4; lastKnownFileType = sourcecode.swift; name = GeometryView.swift; path = GeometryTest/GeometryView.swift; sourceTree = SOURCE_ROOT; };
		7FDA54BB282500B100EBC259 /* GeometryTest.app */ = {isa = PBXFileReference; explicitFileType = wrapper.application; includeInIndex = 0; path = GeometryTest.app; sourceTree = BUILT_PRODUCTS_DIR; };
		7FDA54BE282500B100EBC259 /* GeometryTestApp.swift */ = {isa = PBXFileReference; lastKnownFileType = sourcecode.swift; path = GeometryTestApp.swift; sourceTree = "<group>"; };
		7FDA54C0282500B100EBC259 /* ContentView.swift */ = {isa = PBXFileReference; lastKnownFileType = sourcecode.swift; path = ContentView.swift; sourceTree = "<group>"; };
		7FDA54C2282500B600EBC259 /* Assets.xcassets */ = {isa = PBXFileReference; lastKnownFileType = folder.assetcatalog; path = Assets.xcassets; sourceTree = "<group>"; };
		7FDA54C5282500B600EBC259 /* Preview Assets.xcassets */ = {isa = PBXFileReference; lastKnownFileType = folder.assetcatalog; path = "Preview Assets.xcassets"; sourceTree = "<group>"; };
		7FDA54CC282500D400EBC259 /* MainView.swift */ = {isa = PBXFileReference; lastKnownFileType = sourcecode.swift; path = MainView.swift; sourceTree = "<group>"; };
		7FDA54D028250C6700EBC259 /* MainViewModel.swift */ = {isa = PBXFileReference; lastKnownFileType = sourcecode.swift; path = MainViewModel.swift; sourceTree = "<group>"; };
/* End PBXFileReference section */

/* Begin PBXFrameworksBuildPhase section */
		7FDA54B8282500B100EBC259 /* Frameworks */ = {
			isa = PBXFrameworksBuildPhase;
			buildActionMask = 2147483647;
			files = (
			);
			runOnlyForDeploymentPostprocessing = 0;
		};
/* End PBXFrameworksBuildPhase section */

/* Begin PBXGroup section */
		7F1ED9272829EC9100A83ACE /* Main */ = {
			isa = PBXGroup;
			children = (
				7F1ED9282829ECED00A83ACE /* View */,
				7FDA54D028250C6700EBC259 /* MainViewModel.swift */,
			);
			path = Main;
			sourceTree = "<group>";
		};
		7F1ED9282829ECED00A83ACE /* View */ = {
			isa = PBXGroup;
			children = (
				7FDA54CC282500D400EBC259 /* MainView.swift */,
				7FC861EB2829EE5900A67735 /* GeometryView.swift */,
			);
			path = View;
			sourceTree = "<group>";
		};
		7FDA54B2282500B100EBC259 = {
			isa = PBXGroup;
			children = (
				7FDA54BD282500B100EBC259 /* GeometryTest */,
				7FDA54BC282500B100EBC259 /* Products */,
			);
			sourceTree = "<group>";
		};
		7FDA54BC282500B100EBC259 /* Products */ = {
			isa = PBXGroup;
			children = (
				7FDA54BB282500B100EBC259 /* GeometryTest.app */,
			);
			name = Products;
			sourceTree = "<group>";
		};
		7FDA54BD282500B100EBC259 /* GeometryTest */ = {
			isa = PBXGroup;
			children = (
				7FDA54BE282500B100EBC259 /* GeometryTestApp.swift */,
				7FDA54C0282500B100EBC259 /* ContentView.swift */,
				7F1ED9272829EC9100A83ACE /* Main */,
				7F1ED9252828F96400A83ACE /* SecondView.swift */,
				7FDA54C2282500B600EBC259 /* Assets.xcassets */,
				7FDA54C4282500B600EBC259 /* Preview Content */,
			);
			path = GeometryTest;
			sourceTree = "<group>";
		};
		7FDA54C4282500B600EBC259 /* Preview Content */ = {
			isa = PBXGroup;
			children = (
				7FDA54C5282500B600EBC259 /* Preview Assets.xcassets */,
			);
			path = "Preview Content";
			sourceTree = "<group>";
		};
/* End PBXGroup section */

/* Begin PBXNativeTarget section */
		7FDA54BA282500B100EBC259 /* GeometryTest */ = {
			isa = PBXNativeTarget;
			buildConfigurationList = 7FDA54C9282500B600EBC259 /* Build configuration list for PBXNativeTarget "GeometryTest" */;
			buildPhases = (
				7FDA54B7282500B100EBC259 /* Sources */,
				7FDA54B8282500B100EBC259 /* Frameworks */,
				7FDA54B9282500B100EBC259 /* Resources */,
			);
			buildRules = (
			);
			dependencies = (
			);
			name = GeometryTest;
			productName = GeometryTest;
			productReference = 7FDA54BB282500B100EBC259 /* GeometryTest.app */;
			productType = "com.apple.product-type.application";
		};
/* End PBXNativeTarget section */

/* Begin PBXProject section */
		7FDA54B3282500B100EBC259 /* Project object */ = {
			isa = PBXProject;
			attributes = {
				BuildIndependentTargetsInParallel = 1;
				LastSwiftUpdateCheck = 1300;
				LastUpgradeCheck = 1300;
				TargetAttributes = {
					7FDA54BA282500B100EBC259 = {
						CreatedOnToolsVersion = 13.0;
					};
				};
			};
			buildConfigurationList = 7FDA54B6282500B100EBC259 /* Build configuration list for PBXProject "GeometryTest" */;
			compatibilityVersion = "Xcode 13.0";
			developmentRegion = en;
			hasScannedForEncodings = 0;
			knownRegions = (
				en,
				Base,
			);
			mainGroup = 7FDA54B2282500B100EBC259;
			productRefGroup = 7FDA54BC282500B100EBC259 /* Products */;
			projectDirPath = "";
			projectRoot = "";
			targets = (
				7FDA54BA282500B100EBC259 /* GeometryTest */,
			);
		};
/* End PBXProject section */

/* Begin PBXResourcesBuildPhase section */
		7FDA54B9282500B100EBC259 /* Resources */ = {
			isa = PBXResourcesBuildPhase;
			buildActionMask = 2147483647;
			files = (
				7FDA54C6282500B600EBC259 /* Preview Assets.xcassets in Resources */,
				7FDA54C3282500B600EBC259 /* Assets.xcassets in Resources */,
			);
			runOnlyForDeploymentPostprocessing = 0;
		};
/* End PBXResourcesBuildPhase section */

/* Begin PBXSourcesBuildPhase section */
		7FDA54B7282500B100EBC259 /* Sources */ = {
			isa = PBXSourcesBuildPhase;
			buildActionMask = 2147483647;
			files = (
				7F1ED9262828F96400A83ACE /* SecondView.swift in Sources */,
				7FDA54D128250C6700EBC259 /* MainViewModel.swift in Sources */,
				7FDA54C1282500B100EBC259 /* ContentView.swift in Sources */,
				7FDA54BF282500B100EBC259 /* GeometryTestApp.swift in Sources */,
				7FC861EC2829EE5900A67735 /* GeometryView.swift in Sources */,
				7FDA54CD282500D400EBC259 /* MainView.swift in Sources */,
			);
			runOnlyForDeploymentPostprocessing = 0;
		};
/* End PBXSourcesBuildPhase section */

/* Begin XCBuildConfiguration section */
		7FDA54C7282500B600EBC259 /* Debug */ = {
			isa = XCBuildConfiguration;
			buildSettings = {
				ALWAYS_SEARCH_USER_PATHS = NO;
				CLANG_ANALYZER_NONNULL = YES;
				CLANG_ANALYZER_NUMBER_OBJECT_CONVERSION = YES_AGGRESSIVE;
				CLANG_CXX_LANGUAGE_STANDARD = "gnu++17";
				CLANG_CXX_LIBRARY = "libc++";
				CLANG_ENABLE_MODULES = YES;
				CLANG_ENABLE_OBJC_ARC = YES;
				CLANG_ENABLE_OBJC_WEAK = YES;
				CLANG_WARN_BLOCK_CAPTURE_AUTORELEASING = YES;
				CLANG_WARN_BOOL_CONVERSION = YES;
				CLANG_WARN_COMMA = YES;
				CLANG_WARN_CONSTANT_CONVERSION = YES;
				CLANG_WARN_DEPRECATED_OBJC_IMPLEMENTATIONS = YES;
				CLANG_WARN_DIRECT_OBJC_ISA_USAGE = YES_ERROR;
				CLANG_WARN_DOCUMENTATION_COMMENTS = YES;
				CLANG_WARN_EMPTY_BODY = YES;
				CLANG_WARN_ENUM_CONVERSION = YES;
				CLANG_WARN_INFINITE_RECURSION = YES;
				CLANG_WARN_INT_CONVERSION = YES;
				CLANG_WARN_NON_LITERAL_NULL_CONVERSION = YES;
				CLANG_WARN_OBJC_IMPLICIT_RETAIN_SELF = YES;
				CLANG_WARN_OBJC_LITERAL_CONVERSION = YES;
				CLANG_WARN_OBJC_ROOT_CLASS = YES_ERROR;
				CLANG_WARN_QUOTED_INCLUDE_IN_FRAMEWORK_HEADER = YES;
				CLANG_WARN_RANGE_LOOP_ANALYSIS = YES;
				CLANG_WARN_STRICT_PROTOTYPES = YES;
				CLANG_WARN_SUSPICIOUS_MOVE = YES;
				CLANG_WARN_UNGUARDED_AVAILABILITY = YES_AGGRESSIVE;
				CLANG_WARN_UNREACHABLE_CODE = YES;
				CLANG_WARN__DUPLICATE_METHOD_MATCH = YES;
				COPY_PHASE_STRIP = NO;
				DEBUG_INFORMATION_FORMAT = dwarf;
				ENABLE_STRICT_OBJC_MSGSEND = YES;
				ENABLE_TESTABILITY = YES;
				GCC_C_LANGUAGE_STANDARD = gnu11;
				GCC_DYNAMIC_NO_PIC = NO;
				GCC_NO_COMMON_BLOCKS = YES;
				GCC_OPTIMIZATION_LEVEL = 0;
				GCC_PREPROCESSOR_DEFINITIONS = (
					"DEBUG=1",
					"$(inherited)",
				);
				GCC_WARN_64_TO_32_BIT_CONVERSION = YES;
				GCC_WARN_ABOUT_RETURN_TYPE = YES_ERROR;
				GCC_WARN_UNDECLARED_SELECTOR = YES;
				GCC_WARN_UNINITIALIZED_AUTOS = YES_AGGRESSIVE;
				GCC_WARN_UNUSED_FUNCTION = YES;
				GCC_WARN_UNUSED_VARIABLE = YES;
				IPHONEOS_DEPLOYMENT_TARGET = 15.0;
				MTL_ENABLE_DEBUG_INFO = INCLUDE_SOURCE;
				MTL_FAST_MATH = YES;
				ONLY_ACTIVE_ARCH = YES;
				SDKROOT = iphoneos;
				SWIFT_ACTIVE_COMPILATION_CONDITIONS = DEBUG;
				SWIFT_OPTIMIZATION_LEVEL = "-Onone";
			};
			name = Debug;
		};
		7FDA54C8282500B600EBC259 /* Release */ = {
			isa = XCBuildConfiguration;
			buildSettings = {
				ALWAYS_SEARCH_USER_PATHS = NO;
				CLANG_ANALYZER_NONNULL = YES;
				CLANG_ANALYZER_NUMBER_OBJECT_CONVERSION = YES_AGGRESSIVE;
				CLANG_CXX_LANGUAGE_STANDARD = "gnu++17";
				CLANG_CXX_LIBRARY = "libc++";
				CLANG_ENABLE_MODULES = YES;
				CLANG_ENABLE_OBJC_ARC = YES;
				CLANG_ENABLE_OBJC_WEAK = YES;
				CLANG_WARN_BLOCK_CAPTURE_AUTORELEASING = YES;
				CLANG_WARN_BOOL_CONVERSION = YES;
				CLANG_WARN_COMMA = YES;
				CLANG_WARN_CONSTANT_CONVERSION = YES;
				CLANG_WARN_DEPRECATED_OBJC_IMPLEMENTATIONS = YES;
				CLANG_WARN_DIRECT_OBJC_ISA_USAGE = YES_ERROR;
				CLANG_WARN_DOCUMENTATION_COMMENTS = YES;
				CLANG_WARN_EMPTY_BODY = YES;
				CLANG_WARN_ENUM_CONVERSION = YES;
				CLANG_WARN_INFINITE_RECURSION = YES;
				CLANG_WARN_INT_CONVERSION = YES;
				CLANG_WARN_NON_LITERAL_NULL_CONVERSION = YES;
				CLANG_WARN_OBJC_IMPLICIT_RETAIN_SELF = YES;
				CLANG_WARN_OBJC_LITERAL_CONVERSION = YES;
				CLANG_WARN_OBJC_ROOT_CLASS = YES_ERROR;
				CLANG_WARN_QUOTED_INCLUDE_IN_FRAMEWORK_HEADER = YES;
				CLANG_WARN_RANGE_LOOP_ANALYSIS = YES;
				CLANG_WARN_STRICT_PROTOTYPES = YES;
				CLANG_WARN_SUSPICIOUS_MOVE = YES;
				CLANG_WARN_UNGUARDED_AVAILABILITY = YES_AGGRESSIVE;
				CLANG_WARN_UNREACHABLE_CODE = YES;
				CLANG_WARN__DUPLICATE_METHOD_MATCH = YES;
				COPY_PHASE_STRIP = NO;
				DEBUG_INFORMATION_FORMAT = "dwarf-with-dsym";
				ENABLE_NS_ASSERTIONS = NO;
				ENABLE_STRICT_OBJC_MSGSEND = YES;
				GCC_C_LANGUAGE_STANDARD = gnu11;
				GCC_NO_COMMON_BLOCKS = YES;
				GCC_WARN_64_TO_32_BIT_CONVERSION = YES;
				GCC_WARN_ABOUT_RETURN_TYPE = YES_ERROR;
				GCC_WARN_UNDECLARED_SELECTOR = YES;
				GCC_WARN_UNINITIALIZED_AUTOS = YES_AGGRESSIVE;
				GCC_WARN_UNUSED_FUNCTION = YES;
				GCC_WARN_UNUSED_VARIABLE = YES;
				IPHONEOS_DEPLOYMENT_TARGET = 15.0;
				MTL_ENABLE_DEBUG_INFO = NO;
				MTL_FAST_MATH = YES;
				SDKROOT = iphoneos;
				SWIFT_COMPILATION_MODE = wholemodule;
				SWIFT_OPTIMIZATION_LEVEL = "-O";
				VALIDATE_PRODUCT = YES;
			};
			name = Release;
		};
		7FDA54CA282500B600EBC259 /* Debug */ = {
			isa = XCBuildConfiguration;
			buildSettings = {
				ASSETCATALOG_COMPILER_APPICON_NAME = AppIcon;
				ASSETCATALOG_COMPILER_GLOBAL_ACCENT_COLOR_NAME = AccentColor;
				CODE_SIGN_STYLE = Automatic;
				CURRENT_PROJECT_VERSION = 1;
				DEVELOPMENT_ASSET_PATHS = "\"GeometryTest/Preview Content\"";
				DEVELOPMENT_TEAM = F596YV49BV;
				ENABLE_PREVIEWS = YES;
				GENERATE_INFOPLIST_FILE = YES;
				INFOPLIST_KEY_UIApplicationSceneManifest_Generation = YES;
				INFOPLIST_KEY_UIApplicationSupportsIndirectInputEvents = YES;
				INFOPLIST_KEY_UILaunchScreen_Generation = YES;
				INFOPLIST_KEY_UISupportedInterfaceOrientations_iPad = "UIInterfaceOrientationPortrait UIInterfaceOrientationPortraitUpsideDown UIInterfaceOrientationLandscapeLeft UIInterfaceOrientationLandscapeRight";
				INFOPLIST_KEY_UISupportedInterfaceOrientations_iPhone = "UIInterfaceOrientationPortrait UIInterfaceOrientationLandscapeLeft UIInterfaceOrientationLandscapeRight";
				IPHONEOS_DEPLOYMENT_TARGET = 14.0;
				LD_RUNPATH_SEARCH_PATHS = (
					"$(inherited)",
					"@executable_path/Frameworks",
				);
				MARKETING_VERSION = 1.0;
				PRODUCT_BUNDLE_IDENTIFIER = jp.ac.jec.cm.GeometryTest;
				PRODUCT_NAME = "$(TARGET_NAME)";
				SWIFT_EMIT_LOC_STRINGS = YES;
				SWIFT_VERSION = 5.0;
				TARGETED_DEVICE_FAMILY = "1,2";
			};
			name = Debug;
		};
		7FDA54CB282500B600EBC259 /* Release */ = {
			isa = XCBuildConfiguration;
			buildSettings = {
				ASSETCATALOG_COMPILER_APPICON_NAME = AppIcon;
				ASSETCATALOG_COMPILER_GLOBAL_ACCENT_COLOR_NAME = AccentColor;
				CODE_SIGN_STYLE = Automatic;
				CURRENT_PROJECT_VERSION = 1;
				DEVELOPMENT_ASSET_PATHS = "\"GeometryTest/Preview Content\"";
				DEVELOPMENT_TEAM = F596YV49BV;
				ENABLE_PREVIEWS = YES;
				GENERATE_INFOPLIST_FILE = YES;
				INFOPLIST_KEY_UIApplicationSceneManifest_Generation = YES;
				INFOPLIST_KEY_UIApplicationSupportsIndirectInputEvents = YES;
				INFOPLIST_KEY_UILaunchScreen_Generation = YES;
				INFOPLIST_KEY_UISupportedInterfaceOrientations_iPad = "UIInterfaceOrientationPortrait UIInterfaceOrientationPortraitUpsideDown UIInterfaceOrientationLandscapeLeft UIInterfaceOrientationLandscapeRight";
				INFOPLIST_KEY_UISupportedInterfaceOrientations_iPhone = "UIInterfaceOrientationPortrait UIInterfaceOrientationLandscapeLeft UIInterfaceOrientationLandscapeRight";
				IPHONEOS_DEPLOYMENT_TARGET = 14.0;
				LD_RUNPATH_SEARCH_PATHS = (
					"$(inherited)",
					"@executable_path/Frameworks",
				);
				MARKETING_VERSION = 1.0;
				PRODUCT_BUNDLE_IDENTIFIER = jp.ac.jec.cm.GeometryTest;
				PRODUCT_NAME = "$(TARGET_NAME)";
				SWIFT_EMIT_LOC_STRINGS = YES;
				SWIFT_VERSION = 5.0;
				TARGETED_DEVICE_FAMILY = "1,2";
			};
			name = Release;
		};
/* End XCBuildConfiguration section */

/* Begin XCConfigurationList section */
		7FDA54B6282500B100EBC259 /* Build configuration list for PBXProject "GeometryTest" */ = {
			isa = XCConfigurationList;
			buildConfigurations = (
				7FDA54C7282500B600EBC259 /* Debug */,
				7FDA54C8282500B600EBC259 /* Release */,
			);
			defaultConfigurationIsVisible = 0;
			defaultConfigurationName = Release;
		};
		7FDA54C9282500B600EBC259 /* Build configuration list for PBXNativeTarget "GeometryTest" */ = {
			isa = XCConfigurationList;
			buildConfigurations = (
				7FDA54CA282500B600EBC259 /* Debug */,
				7FDA54CB282500B600EBC259 /* Release */,
			);
			defaultConfigurationIsVisible = 0;
			defaultConfigurationName = Release;
		};
/* End XCConfigurationList section */
	};
	rootObject = 7FDA54B3282500B100EBC259 /* Project object */;
}
